
Microsoft Visual Studio Solution File, Format Version 12.00
# Visual Studio Version 17
VisualStudioVersion = 17.7.34202.233
MinimumVisualStudioVersion = 10.0.40219.1
Project("{FAE04EC0-301F-11D3-BF4B-00C04F79EFBC}") = "WinFormsApp1", "WinFormsApp1\WinFormsApp1.csproj", "{0C19A5A8-A13E-4ACE-939E-6744D0F1E724}"
EndProject
Project("{FAE04EC0-301F-11D3-BF4B-00C04F79EFBC}") = "WebApplication1", "WebApplication1\WebApplication1.csproj", "{AA1AF14F-F1DF-41E6-8BC1-994954315019}"
EndProject
Global
	GlobalSection(SolutionConfigurationPlatforms) = preSolution
		Debug|Any CPU = Debug|Any CPU
		Release|Any CPU = Release|Any CPU
	EndGlobalSection
	GlobalSection(ProjectConfigurationPlatforms) = postSolution
		{0C19A5A8-A13E-4ACE-939E-6744D0F1E724}.Debug|Any CPU.ActiveCfg = Debug|Any CPU
		{0C19A5A8-A13E-4ACE-939E-6744D0F1E724}.Debug|Any CPU.Build.0 = Debug|Any CPU
		{0C19A5A8-A13E-4ACE-939E-6744D0F1E724}.Release|Any CPU.ActiveCfg = Release|Any CPU
		{0C19A5A8-A13E-4ACE-939E-6744D0F1E724}.Release|Any CPU.Build.0 = Release|Any CPU
		{AA1AF14F-F1DF-41E6-8BC1-994954315019}.Debug|Any CPU.ActiveCfg = Debug|Any CPU
		{AA1AF14F-F1DF-41E6-8BC1-994954315019}.Debug|Any CPU.Build.0 = Debug|Any CPU
		{AA1AF14F-F1DF-41E6-8BC1-994954315019}.Release|Any CPU.ActiveCfg = Release|Any CPU
		{AA1AF14F-F1DF-41E6-8BC1-994954315019}.Release|Any CPU.Build.0 = Release|Any CPU
	EndGlobalSection
	GlobalSection(SolutionProperties) = preSolution
		HideSolutionNode = FALSE
	EndGlobalSection
	GlobalSection(ExtensibilityGlobals) = postSolution
		SolutionGuid = {F68F7F0B-E118-4CE5-991E-2FF82D4AEC5A}
	EndGlobalSection
EndGlobal
